
Microsoft Visual Studio Solution File, Format Version 12.00
# Visual Studio Version 16
VisualStudioVersion = 16.0.29409.12
MinimumVisualStudioVersion = 10.0.40219.1
Project("{FAE04EC0-301F-11D3-BF4B-00C04F79EFBC}") = "XIVPlug", "XIVPlug\XIVPlug.csproj", "{CC624915-714E-49A8-B1BD-74F0F4F21CFD}"
EndProject
Global
	GlobalSection(SolutionConfigurationPlatforms) = preSolution
		Debug|Any CPU = Debug|Any CPU
		Release|Any CPU = Release|Any CPU
	EndGlobalSection
	GlobalSection(ProjectConfigurationPlatforms) = postSolution
		{CC624915-714E-49A8-B1BD-74F0F4F21CFD}.Debug|Any CPU.ActiveCfg = Debug|Any CPU
		{CC624915-714E-49A8-B1BD-74F0F4F21CFD}.Debug|Any CPU.Build.0 = Debug|Any CPU
		{CC624915-714E-49A8-B1BD-74F0F4F21CFD}.Release|Any CPU.ActiveCfg = Release|Any CPU
		{CC624915-714E-49A8-B1BD-74F0F4F21CFD}.Release|Any CPU.Build.0 = Release|Any CPU
	EndGlobalSection
	GlobalSection(SolutionProperties) = preSolution
		HideSolutionNode = FALSE
	EndGlobalSection
	GlobalSection(ExtensibilityGlobals) = postSolution
		SolutionGuid = {FB5FBE58-A52E-40A9-8C7D-98C14336CF1B}
	EndGlobalSection
EndGlobal
